
Microsoft Visual Studio Solution File, Format Version 12.00
# Visual Studio Version 17
VisualStudioVersion = 17.7.34031.279
MinimumVisualStudioVersion = 10.0.40219.1
Project("{FAE04EC0-301F-11D3-BF4B-00C04F79EFBC}") = "2 Доклад", "2 Доклад.csproj", "{CED82344-3D25-4ECE-9042-B7D7F240AF2B}"
EndProject
Global
	GlobalSection(SolutionConfigurationPlatforms) = preSolution
		Debug|Any CPU = Debug|Any CPU
		Release|Any CPU = Release|Any CPU
	EndGlobalSection
	GlobalSection(ProjectConfigurationPlatforms) = postSolution
		{CED82344-3D25-4ECE-9042-B7D7F240AF2B}.Debug|Any CPU.ActiveCfg = Debug|Any CPU
		{CED82344-3D25-4ECE-9042-B7D7F240AF2B}.Debug|Any CPU.Build.0 = Debug|Any CPU
		{CED82344-3D25-4ECE-9042-B7D7F240AF2B}.Release|Any CPU.ActiveCfg = Release|Any CPU
		{CED82344-3D25-4ECE-9042-B7D7F240AF2B}.Release|Any CPU.Build.0 = Release|Any CPU
	EndGlobalSection
	GlobalSection(SolutionProperties) = preSolution
		HideSolutionNode = FALSE
	EndGlobalSection
	GlobalSection(ExtensibilityGlobals) = postSolution
		SolutionGuid = {9828B86F-D5A2-409E-ABDA-B300DD40BD26}
	EndGlobalSection
EndGlobal
